
Microsoft Visual Studio Solution File, Format Version 11.00
# Visual C# Express 2010
Project("{FAE04EC0-301F-11D3-BF4B-00C04F79EFBC}") = "NEXUS-Client", "NEXUS-Client\NEXUS-Client.csproj", "{AB1FFC71-D0CA-4FE1-9421-C9E7525E12A9}"
EndProject
Project("{FAE04EC0-301F-11D3-BF4B-00C04F79EFBC}") = "AuthenticationSettings", "AuthenticationSettings\AuthenticationSettings.csproj", "{0747846A-D2B2-4F4B-B79E-C630942E1643}"
EndProject
Global
	GlobalSection(SolutionConfigurationPlatforms) = preSolution
		Debug|Any CPU = Debug|Any CPU
		Debug|Mixed Platforms = Debug|Mixed Platforms
		Debug|x86 = Debug|x86
		Release|Any CPU = Release|Any CPU
		Release|Mixed Platforms = Release|Mixed Platforms
		Release|x86 = Release|x86
	EndGlobalSection
	GlobalSection(ProjectConfigurationPlatforms) = postSolution
		{AB1FFC71-D0CA-4FE1-9421-C9E7525E12A9}.Debug|Any CPU.ActiveCfg = Debug|x86
		{AB1FFC71-D0CA-4FE1-9421-C9E7525E12A9}.Debug|Mixed Platforms.ActiveCfg = Debug|x86
		{AB1FFC71-D0CA-4FE1-9421-C9E7525E12A9}.Debug|Mixed Platforms.Build.0 = Debug|x86
		{AB1FFC71-D0CA-4FE1-9421-C9E7525E12A9}.Debug|x86.ActiveCfg = Debug|x86
		{AB1FFC71-D0CA-4FE1-9421-C9E7525E12A9}.Debug|x86.Build.0 = Debug|x86
		{AB1FFC71-D0CA-4FE1-9421-C9E7525E12A9}.Release|Any CPU.ActiveCfg = Release|x86
		{AB1FFC71-D0CA-4FE1-9421-C9E7525E12A9}.Release|Mixed Platforms.ActiveCfg = Release|x86
		{AB1FFC71-D0CA-4FE1-9421-C9E7525E12A9}.Release|Mixed Platforms.Build.0 = Release|x86
		{AB1FFC71-D0CA-4FE1-9421-C9E7525E12A9}.Release|x86.ActiveCfg = Release|x86
		{AB1FFC71-D0CA-4FE1-9421-C9E7525E12A9}.Release|x86.Build.0 = Release|x86
		{0747846A-D2B2-4F4B-B79E-C630942E1643}.Debug|Any CPU.ActiveCfg = Debug|Any CPU
		{0747846A-D2B2-4F4B-B79E-C630942E1643}.Debug|Any CPU.Build.0 = Debug|Any CPU
		{0747846A-D2B2-4F4B-B79E-C630942E1643}.Debug|Mixed Platforms.ActiveCfg = Debug|Any CPU
		{0747846A-D2B2-4F4B-B79E-C630942E1643}.Debug|Mixed Platforms.Build.0 = Debug|Any CPU
		{0747846A-D2B2-4F4B-B79E-C630942E1643}.Debug|x86.ActiveCfg = Debug|Any CPU
		{0747846A-D2B2-4F4B-B79E-C630942E1643}.Release|Any CPU.ActiveCfg = Release|Any CPU
		{0747846A-D2B2-4F4B-B79E-C630942E1643}.Release|Any CPU.Build.0 = Release|Any CPU
		{0747846A-D2B2-4F4B-B79E-C630942E1643}.Release|Mixed Platforms.ActiveCfg = Release|Any CPU
		{0747846A-D2B2-4F4B-B79E-C630942E1643}.Release|Mixed Platforms.Build.0 = Release|Any CPU
		{0747846A-D2B2-4F4B-B79E-C630942E1643}.Release|x86.ActiveCfg = Release|Any CPU
	EndGlobalSection
	GlobalSection(SolutionProperties) = preSolution
		HideSolutionNode = FALSE
	EndGlobalSection
EndGlobal
